
Microsoft Visual Studio Solution File, Format Version 12.00
# Visual Studio Version 17
VisualStudioVersion = 17.10.35122.118
MinimumVisualStudioVersion = 10.0.40219.1
Project("{8BC9CEB8-8B4A-11D0-8D11-00A0C91BC942}") = "LearnOpenGL", "LearnOpenGL.vcxproj", "{286CCA6C-7229-48FC-870B-1725272DB917}"
EndProject
Global
	GlobalSection(SolutionConfigurationPlatforms) = preSolution
		Debug|x64 = Debug|x64
		Debug|x86 = Debug|x86
		Release|x64 = Release|x64
		Release|x86 = Release|x86
	EndGlobalSection
	GlobalSection(ProjectConfigurationPlatforms) = postSolution
		{286CCA6C-7229-48FC-870B-1725272DB917}.Debug|x64.ActiveCfg = Debug|x64
		{286CCA6C-7229-48FC-870B-1725272DB917}.Debug|x64.Build.0 = Debug|x64
		{286CCA6C-7229-48FC-870B-1725272DB917}.Debug|x86.ActiveCfg = Debug|Win32
		{286CCA6C-7229-48FC-870B-1725272DB917}.Debug|x86.Build.0 = Debug|Win32
		{286CCA6C-7229-48FC-870B-1725272DB917}.Release|x64.ActiveCfg = Release|x64
		{286CCA6C-7229-48FC-870B-1725272DB917}.Release|x64.Build.0 = Release|x64
		{286CCA6C-7229-48FC-870B-1725272DB917}.Release|x86.ActiveCfg = Release|Win32
		{286CCA6C-7229-48FC-870B-1725272DB917}.Release|x86.Build.0 = Release|Win32
	EndGlobalSection
	GlobalSection(SolutionProperties) = preSolution
		HideSolutionNode = FALSE
	EndGlobalSection
	GlobalSection(ExtensibilityGlobals) = postSolution
		SolutionGuid = {6D466474-E513-4C00-8253-7337B0761BDC}
	EndGlobalSection
EndGlobal
